
Microsoft Visual Studio Solution File, Format Version 12.00
# Visual Studio Version 17
VisualStudioVersion = 17.6.33815.320
MinimumVisualStudioVersion = 10.0.40219.1
Project("{9A19103F-16F7-4668-BE54-9A1E7A4F7556}") = "CloudSeedingData", "CloudSeedingData\CloudSeedingData.csproj", "{6B16BDDF-2158-477A-900C-52053B3BCF5D}"
EndProject
Project("{9A19103F-16F7-4668-BE54-9A1E7A4F7556}") = "CloudSeedingData.Desktop", "CloudSeedingData.Desktop\CloudSeedingData.Desktop.csproj", "{86091FD4-F8A9-4C41-A7FD-B083608DBFCB}"
EndProject
Project("{9A19103F-16F7-4668-BE54-9A1E7A4F7556}") = "ThrowBallProbabilityTest", "ThrowBallProbabilityTest\ThrowBallProbabilityTest.csproj", "{B4B151E1-22F6-4F5D-85B1-C2C9F051D55C}"
EndProject
Global
	GlobalSection(SolutionConfigurationPlatforms) = preSolution
		Debug|Any CPU = Debug|Any CPU
		Release|Any CPU = Release|Any CPU
	EndGlobalSection
	GlobalSection(ProjectConfigurationPlatforms) = postSolution
		{6B16BDDF-2158-477A-900C-52053B3BCF5D}.Debug|Any CPU.ActiveCfg = Debug|Any CPU
		{6B16BDDF-2158-477A-900C-52053B3BCF5D}.Debug|Any CPU.Build.0 = Debug|Any CPU
		{6B16BDDF-2158-477A-900C-52053B3BCF5D}.Release|Any CPU.ActiveCfg = Release|Any CPU
		{6B16BDDF-2158-477A-900C-52053B3BCF5D}.Release|Any CPU.Build.0 = Release|Any CPU
		{86091FD4-F8A9-4C41-A7FD-B083608DBFCB}.Debug|Any CPU.ActiveCfg = Debug|Any CPU
		{86091FD4-F8A9-4C41-A7FD-B083608DBFCB}.Debug|Any CPU.Build.0 = Debug|Any CPU
		{86091FD4-F8A9-4C41-A7FD-B083608DBFCB}.Release|Any CPU.ActiveCfg = Release|Any CPU
		{86091FD4-F8A9-4C41-A7FD-B083608DBFCB}.Release|Any CPU.Build.0 = Release|Any CPU
		{B4B151E1-22F6-4F5D-85B1-C2C9F051D55C}.Debug|Any CPU.ActiveCfg = Debug|Any CPU
		{B4B151E1-22F6-4F5D-85B1-C2C9F051D55C}.Debug|Any CPU.Build.0 = Debug|Any CPU
		{B4B151E1-22F6-4F5D-85B1-C2C9F051D55C}.Release|Any CPU.ActiveCfg = Release|Any CPU
		{B4B151E1-22F6-4F5D-85B1-C2C9F051D55C}.Release|Any CPU.Build.0 = Release|Any CPU
	EndGlobalSection
	GlobalSection(SolutionProperties) = preSolution
		HideSolutionNode = FALSE
	EndGlobalSection
	GlobalSection(ExtensibilityGlobals) = postSolution
		SolutionGuid = {3A4EB3D1-EB4A-47A7-9772-DA7FBFF54003}
	EndGlobalSection
EndGlobal
